{
  "name": "rev-skills-repro",
  "version": "0.0.1",
  "lockfileVersion": 3,
  "requires": true,
  "packages": {
    "": {
      "name": "rev-skills-repro",
      "version": "0.0.1",
      "license": "Apache-2.0",
      "bin": {
        "rev-skills-repro": "src/repro.mjs"
      },
      "engines": {
        "node": ">=18"
      }
    }
  }
}
